
Microsoft Visual Studio Solution File, Format Version 12.00
# Visual Studio Version 17
VisualStudioVersion = 17.7.34221.43
MinimumVisualStudioVersion = 10.0.40219.1
Project("{FAE04EC0-301F-11D3-BF4B-00C04F79EFBC}") = "homework_1", "homework_1\homework_1.csproj", "{754A34F4-60A8-4B42-A733-FD73C21895D5}"
EndProject
Global
	GlobalSection(SolutionConfigurationPlatforms) = preSolution
		Debug|Any CPU = Debug|Any CPU
		Release|Any CPU = Release|Any CPU
	EndGlobalSection
	GlobalSection(ProjectConfigurationPlatforms) = postSolution
		{754A34F4-60A8-4B42-A733-FD73C21895D5}.Debug|Any CPU.ActiveCfg = Debug|Any CPU
		{754A34F4-60A8-4B42-A733-FD73C21895D5}.Debug|Any CPU.Build.0 = Debug|Any CPU
		{754A34F4-60A8-4B42-A733-FD73C21895D5}.Release|Any CPU.ActiveCfg = Release|Any CPU
		{754A34F4-60A8-4B42-A733-FD73C21895D5}.Release|Any CPU.Build.0 = Release|Any CPU
	EndGlobalSection
	GlobalSection(SolutionProperties) = preSolution
		HideSolutionNode = FALSE
	EndGlobalSection
	GlobalSection(ExtensibilityGlobals) = postSolution
		SolutionGuid = {D0119A7B-C0E1-485E-8420-E8A21AC3A139}
	EndGlobalSection
EndGlobal
